{
  "version": 4,
  "terraform_version": "1.0.9",
  "serial": 41,
  "lineage": "dcd79286-5029-6063-ed63-bb5092a765ce",
  "outputs": {},
  "resources": [
    {
      "mode": "managed",
      "type": "aws_codedeploy_app",
      "name": "csye6225-webapp",
      "provider": "provider[\"registry.terraform.io/hashicorp/aws\"]",
      "instances": [
        {
          "schema_version": 0,
          "attributes": {
            "application_id": "1030c132-1546-49ed-bb3f-8374b633af23",
            "arn": "arn:aws:codedeploy:us-east-1:833782707839:application:csye6225-webapp",
            "compute_platform": "Server",
            "github_account_name": "",
            "id": "1030c132-1546-49ed-bb3f-8374b633af23:csye6225-webapp",
            "linked_to_github": false,
            "name": "csye6225-webapp",
            "tags": {},
            "tags_all": {}
          },
          "sensitive_attributes": [],
          "private": "bnVsbA=="
        }
      ]
    },
    {
      "mode": "managed",
      "type": "aws_codedeploy_deployment_group",
      "name": "csye6225-webapp-deployment",
      "provider": "provider[\"registry.terraform.io/hashicorp/aws\"]",
      "instances": [
        {
          "schema_version": 0,
          "attributes": {
            "alarm_configuration": [],
            "app_name": "csye6225-webapp",
            "arn": "arn:aws:codedeploy:us-east-1:833782707839:deploymentgroup:csye6225-webapp/csye6225-webapp-deployment",
            "auto_rollback_configuration": [
              {
                "enabled": true,
                "events": [
                  "DEPLOYMENT_FAILURE"
                ]
              }
            ],
            "autoscaling_groups": [],
            "blue_green_deployment_config": [],
            "compute_platform": "Server",
            "deployment_config_name": "CodeDeployDefault.OneAtATime",
            "deployment_group_id": "42d4c0ac-b3d8-424e-b38e-d3258d97d992",
            "deployment_group_name": "csye6225-webapp-deployment",
            "deployment_style": [
              {
                "deployment_option": "WITHOUT_TRAFFIC_CONTROL",
                "deployment_type": "IN_PLACE"
              }
            ],
            "ec2_tag_filter": [],
            "ec2_tag_set": [
              {
                "ec2_tag_filter": [
                  {
                    "key": "Name",
                    "type": "KEY_AND_VALUE",
                    "value": "EC2 code deploy"
                  }
                ]
              }
            ],
            "ecs_service": [],
            "id": "42d4c0ac-b3d8-424e-b38e-d3258d97d992",
            "load_balancer_info": [],
            "on_premises_instance_tag_filter": [],
            "service_role_arn": "arn:aws:iam::833782707839:role/CodeDeployServiceRole",
            "tags": {},
            "tags_all": {},
            "trigger_configuration": []
          },
          "sensitive_attributes": [],
          "private": "bnVsbA==",
          "dependencies": [
            "aws_codedeploy_app.csye6225-webapp",
            "aws_iam_role.CodeDeployServiceRole"
          ]
        }
      ]
    },
    {
      "mode": "managed",
      "type": "aws_iam_policy",
      "name": "CodeDeploy-EC2-S3",
      "provider": "provider[\"registry.terraform.io/hashicorp/aws\"]",
      "instances": [
        {
          "schema_version": 0,
          "attributes": {
            "arn": "arn:aws:iam::833782707839:policy/CodeDeploy-EC2-S3",
            "description": "",
            "id": "arn:aws:iam::833782707839:policy/CodeDeploy-EC2-S3",
            "name": "CodeDeploy-EC2-S3",
            "name_prefix": null,
            "path": "/",
            "policy": "{\n    \"Version\": \"2012-10-17\",\n    \"Statement\": [\n        {\n            \"Action\": [\n                \"s3:PutObject\",\n                \"s3:GetObject\",\n                \"s3:AbortMultipartUpload\",\n                \"s3:ListBucket\",\n                \"s3:DeleteObject\",\n                \"s3:GetObjectVersion\",\n                \"s3:ListMultipartUploadParts\"\n            ],\n            \"Effect\": \"Allow\",\n            \"Resource\": [\n                \"arn:aws:s3:::codedeploy.csye6225dnsbagur.me/*\",\n                \"arn:aws:s3:::codedeploy.csye6225dnsbagur.me\"\n              ]\n        }\n    ]\n}\n",
            "policy_id": "ANPA4EIKSOZ7UBCRYTMRG",
            "tags": {},
            "tags_all": {}
          },
          "sensitive_attributes": [],
          "private": "bnVsbA=="
        }
      ]
    },
    {
      "mode": "managed",
      "type": "aws_iam_policy",
      "name": "GH-Code-Deploy",
      "provider": "provider[\"registry.terraform.io/hashicorp/aws\"]",
      "instances": [
        {
          "schema_version": 0,
          "attributes": {
            "arn": "arn:aws:iam::833782707839:policy/GH-Code-Deploy",
            "description": "",
            "id": "arn:aws:iam::833782707839:policy/GH-Code-Deploy",
            "name": "GH-Code-Deploy",
            "name_prefix": null,
            "path": "/",
            "policy": "{\n  \"Version\": \"2012-10-17\",\n  \"Statement\": [\n    {\n      \"Effect\": \"Allow\",\n      \"Action\": [\n        \"codedeploy:RegisterApplicationRevision\",\n        \"codedeploy:GetApplicationRevision\"\n      ],\n      \"Resource\": [\n        \"arn:aws:codedeploy:us-east-1:833782707839:application:csye6225-webapp\"\n      ]\n    },\n    {\n      \"Effect\": \"Allow\",\n      \"Action\": [\n        \"codedeploy:CreateDeployment\",\n        \"codedeploy:GetDeployment\"\n      ],\n      \"Resource\": [\n        \"*\"\n      ]\n    },\n    {\n      \"Effect\": \"Allow\",\n      \"Action\": [\n        \"codedeploy:GetDeploymentConfig\"\n      ],\n      \"Resource\": [\n        \"arn:aws:codedeploy:us-east-1:833782707839:deploymentconfig:CodeDeployDefault.OneAtATime\",\n        \"arn:aws:codedeploy:us-east-1:833782707839:deploymentconfig:CodeDeployDefault.HalfAtATime\",\n        \"arn:aws:codedeploy:us-east-1:833782707839:deploymentconfig:CodeDeployDefault.AllAtOnce\"\n      ]\n    }\n  ]\n}\n",
            "policy_id": "ANPA4EIKSOZ77TWDBRO4Q",
            "tags": {},
            "tags_all": {}
          },
          "sensitive_attributes": [],
          "private": "bnVsbA=="
        }
      ]
    },
    {
      "mode": "managed",
      "type": "aws_iam_policy",
      "name": "GH-Upload-To-S3",
      "provider": "provider[\"registry.terraform.io/hashicorp/aws\"]",
      "instances": [
        {
          "schema_version": 0,
          "attributes": {
            "arn": "arn:aws:iam::833782707839:policy/GH-Upload-To-S3",
            "description": "",
            "id": "arn:aws:iam::833782707839:policy/GH-Upload-To-S3",
            "name": "GH-Upload-To-S3",
            "name_prefix": null,
            "path": "/",
            "policy": "{\n  \"Version\": \"2012-10-17\",\n  \"Statement\": [\n      {\n          \"Effect\": \"Allow\",\n          \"Action\": [\n              \"s3:PutObject\",\n              \"s3:GetObject\",\n              \"s3:List*\"\n          ],\n          \"Resource\": [\n              \"arn:aws:s3:::codedeploy.csye6225dnsbagur.me/*\",\n              \"arn:aws:s3:::codedeploy.csye6225dnsbagur.me\"\n          ]\n      }\n  ]\n}\n",
            "policy_id": "ANPA4EIKSOZ7SMQJ4IJTS",
            "tags": {},
            "tags_all": {}
          },
          "sensitive_attributes": [],
          "private": "bnVsbA=="
        }
      ]
    },
    {
      "mode": "managed",
      "type": "aws_iam_role",
      "name": "CodeDeployServiceRole",
      "provider": "provider[\"registry.terraform.io/hashicorp/aws\"]",
      "instances": [
        {
          "schema_version": 0,
          "attributes": {
            "arn": "arn:aws:iam::833782707839:role/CodeDeployServiceRole",
            "assume_role_policy": "{\"Version\":\"2012-10-17\",\"Statement\":[{\"Sid\":\"\",\"Effect\":\"Allow\",\"Principal\":{\"Service\":\"codedeploy.amazonaws.com\"},\"Action\":\"sts:AssumeRole\"}]}",
            "create_date": "2021-11-04T19:58:04Z",
            "description": "",
            "force_detach_policies": false,
            "id": "CodeDeployServiceRole",
            "inline_policy": [
              {
                "name": "",
                "policy": ""
              }
            ],
            "managed_policy_arns": [
              "arn:aws:iam::aws:policy/service-role/AWSCodeDeployRole"
            ],
            "max_session_duration": 3600,
            "name": "CodeDeployServiceRole",
            "name_prefix": "",
            "path": "/",
            "permissions_boundary": null,
            "tags": {},
            "tags_all": {},
            "unique_id": "AROA4EIKSOZ76Q5CK73V4"
          },
          "sensitive_attributes": [],
          "private": "bnVsbA=="
        }
      ]
    },
    {
      "mode": "managed",
      "type": "aws_iam_role_policy_attachment",
      "name": "AWSCodeDeployRole",
      "provider": "provider[\"registry.terraform.io/hashicorp/aws\"]",
      "instances": [
        {
          "schema_version": 0,
          "attributes": {
            "id": "CodeDeployServiceRole-20211104195804639500000001",
            "policy_arn": "arn:aws:iam::aws:policy/service-role/AWSCodeDeployRole",
            "role": "CodeDeployServiceRole"
          },
          "sensitive_attributes": [],
          "private": "bnVsbA==",
          "dependencies": [
            "aws_iam_role.CodeDeployServiceRole"
          ]
        }
      ]
    },
    {
      "mode": "managed",
      "type": "aws_iam_role_policy_attachment",
      "name": "role-policy-attachment",
      "provider": "provider[\"registry.terraform.io/hashicorp/aws\"]",
      "instances": [
        {
          "schema_version": 0,
          "attributes": {
            "id": "EC2-CSYE6225-20211104201642008200000001",
            "policy_arn": "arn:aws:iam::833782707839:policy/CodeDeploy-EC2-S3",
            "role": "EC2-CSYE6225"
          },
          "sensitive_attributes": [],
          "private": "bnVsbA==",
          "dependencies": [
            "aws_iam_policy.CodeDeploy-EC2-S3"
          ]
        }
      ]
    },
    {
      "mode": "managed",
      "type": "aws_iam_user_policy_attachment",
      "name": "ghactions-app-GH-Code-Deploy-policy-attachment",
      "provider": "provider[\"registry.terraform.io/hashicorp/aws\"]",
      "instances": [
        {
          "schema_version": 0,
          "attributes": {
            "id": "ghactions-app-20211104202128289800000002",
            "policy_arn": "arn:aws:iam::833782707839:policy/GH-Code-Deploy",
            "user": "ghactions-app"
          },
          "sensitive_attributes": [],
          "private": "bnVsbA==",
          "dependencies": [
            "aws_iam_policy.GH-Code-Deploy"
          ]
        }
      ]
    },
    {
      "mode": "managed",
      "type": "aws_iam_user_policy_attachment",
      "name": "ghactions-app-GH-Upload-To-S3-policy-attachment",
      "provider": "provider[\"registry.terraform.io/hashicorp/aws\"]",
      "instances": [
        {
          "schema_version": 0,
          "attributes": {
            "id": "ghactions-app-20211104202128271000000001",
            "policy_arn": "arn:aws:iam::833782707839:policy/GH-Upload-To-S3",
            "user": "ghactions-app"
          },
          "sensitive_attributes": [],
          "private": "bnVsbA==",
          "dependencies": [
            "aws_iam_policy.GH-Upload-To-S3"
          ]
        }
      ]
    }
  ]
}
